
Microsoft Visual Studio Solution File, Format Version 12.00
# Visual Studio Version 16
VisualStudioVersion = 16.0.31129.286
MinimumVisualStudioVersion = 10.0.40219.1
Project("{FAE04EC0-301F-11D3-BF4B-00C04F79EFBC}") = "Course_Management_Api", "Course_Management_Api.csproj", "{A5784E65-2183-4CF6-B928-0EA255F0891B}"
EndProject
Global
	GlobalSection(SolutionConfigurationPlatforms) = preSolution
		Debug|Any CPU = Debug|Any CPU
		Release|Any CPU = Release|Any CPU
	EndGlobalSection
	GlobalSection(ProjectConfigurationPlatforms) = postSolution
		{A5784E65-2183-4CF6-B928-0EA255F0891B}.Debug|Any CPU.ActiveCfg = Debug|Any CPU
		{A5784E65-2183-4CF6-B928-0EA255F0891B}.Debug|Any CPU.Build.0 = Debug|Any CPU
		{A5784E65-2183-4CF6-B928-0EA255F0891B}.Release|Any CPU.ActiveCfg = Release|Any CPU
		{A5784E65-2183-4CF6-B928-0EA255F0891B}.Release|Any CPU.Build.0 = Release|Any CPU
	EndGlobalSection
	GlobalSection(SolutionProperties) = preSolution
		HideSolutionNode = FALSE
	EndGlobalSection
	GlobalSection(ExtensibilityGlobals) = postSolution
		SolutionGuid = {6E6BA42C-CE7B-4735-BC28-5F9D956A67BB}
	EndGlobalSection
EndGlobal
